// !$*UTF8*$!
{
	archiveVersion = 1;
	classes = {
	};
	objectVersion = 55;
	objects = {

/* Begin PBXBuildFile section */
		4A256F7727A3D67A008FC797 /* NavigationTitleView.swift in Sources */ = {isa = PBXBuildFile; fileRef = 4A256F7627A3D67A008FC797 /* NavigationTitleView.swift */; };
		4A256F7927A3E992008FC797 /* ColumnView.swift in Sources */ = {isa = PBXBuildFile; fileRef = 4A256F7827A3E992008FC797 /* ColumnView.swift */; };
		9C43093627B1CE7E00147A4D /* SettingViewModel.swift in Sources */ = {isa = PBXBuildFile; fileRef = 9C43093527B1CE7E00147A4D /* SettingViewModel.swift */; };
		9CAB7C5E27B2A174005D874C /* SettingInteractor.swift in Sources */ = {isa = PBXBuildFile; fileRef = 9CAB7C5D27B2A174005D874C /* SettingInteractor.swift */; };
		9CAB7C6027B2C20A005D874C /* SettingListBuilder.swift in Sources */ = {isa = PBXBuildFile; fileRef = 9CAB7C5F27B2C20A005D874C /* SettingListBuilder.swift */; };
		9CBE58F927A3654E0060C150 /* AppDelegate.swift in Sources */ = {isa = PBXBuildFile; fileRef = 9CBE58F827A3654E0060C150 /* AppDelegate.swift */; };
		9CBE58FB27A3654E0060C150 /* SceneDelegate.swift in Sources */ = {isa = PBXBuildFile; fileRef = 9CBE58FA27A3654E0060C150 /* SceneDelegate.swift */; };
		9CBE58FD27A3654E0060C150 /* ViewController.swift in Sources */ = {isa = PBXBuildFile; fileRef = 9CBE58FC27A3654E0060C150 /* ViewController.swift */; };
		9CBE590027A3654E0060C150 /* Main.storyboard in Resources */ = {isa = PBXBuildFile; fileRef = 9CBE58FE27A3654E0060C150 /* Main.storyboard */; };
		9CBE590227A365500060C150 /* Assets.xcassets in Resources */ = {isa = PBXBuildFile; fileRef = 9CBE590127A365500060C150 /* Assets.xcassets */; };
		9CBE590527A365500060C150 /* LaunchScreen.storyboard in Resources */ = {isa = PBXBuildFile; fileRef = 9CBE590327A365500060C150 /* LaunchScreen.storyboard */; };
		9CBE590E27A369E30060C150 /* SettingView.swift in Sources */ = {isa = PBXBuildFile; fileRef = 9CBE590D27A369E30060C150 /* SettingView.swift */; };
		9CBE591027A36AC50060C150 /* SettingRouter.swift in Sources */ = {isa = PBXBuildFile; fileRef = 9CBE590F27A36AC50060C150 /* SettingRouter.swift */; };
/* End PBXBuildFile section */

/* Begin PBXFileReference section */
		4A256F7627A3D67A008FC797 /* NavigationTitleView.swift */ = {isa = PBXFileReference; lastKnownFileType = sourcecode.swift; path = NavigationTitleView.swift; sourceTree = "<group>"; };
		4A256F7827A3E992008FC797 /* ColumnView.swift */ = {isa = PBXFileReference; lastKnownFileType = sourcecode.swift; path = ColumnView.swift; sourceTree = "<group>"; };
		9C43093527B1CE7E00147A4D /* SettingViewModel.swift */ = {isa = PBXFileReference; lastKnownFileType = sourcecode.swift; path = SettingViewModel.swift; sourceTree = "<group>"; };
		9CAB7C5D27B2A174005D874C /* SettingInteractor.swift */ = {isa = PBXFileReference; lastKnownFileType = sourcecode.swift; path = SettingInteractor.swift; sourceTree = "<group>"; };
		9CAB7C5F27B2C20A005D874C /* SettingListBuilder.swift */ = {isa = PBXFileReference; lastKnownFileType = sourcecode.swift; path = SettingListBuilder.swift; sourceTree = "<group>"; };
		9CBE58F527A3654E0060C150 /* SwiftUI13Sample.app */ = {isa = PBXFileReference; explicitFileType = wrapper.application; includeInIndex = 0; path = SwiftUI13Sample.app; sourceTree = BUILT_PRODUCTS_DIR; };
		9CBE58F827A3654E0060C150 /* AppDelegate.swift */ = {isa = PBXFileReference; lastKnownFileType = sourcecode.swift; path = AppDelegate.swift; sourceTree = "<group>"; };
		9CBE58FA27A3654E0060C150 /* SceneDelegate.swift */ = {isa = PBXFileReference; lastKnownFileType = sourcecode.swift; path = SceneDelegate.swift; sourceTree = "<group>"; };
		9CBE58FC27A3654E0060C150 /* ViewController.swift */ = {isa = PBXFileReference; lastKnownFileType = sourcecode.swift; path = ViewController.swift; sourceTree = "<group>"; };
		9CBE58FF27A3654E0060C150 /* Base */ = {isa = PBXFileReference; lastKnownFileType = file.storyboard; name = Base; path = Base.lproj/Main.storyboard; sourceTree = "<group>"; };
		9CBE590127A365500060C150 /* Assets.xcassets */ = {isa = PBXFileReference; lastKnownFileType = folder.assetcatalog; path = Assets.xcassets; sourceTree = "<group>"; };
		9CBE590427A365500060C150 /* Base */ = {isa = PBXFileReference; lastKnownFileType = file.storyboard; name = Base; path = Base.lproj/LaunchScreen.storyboard; sourceTree = "<group>"; };
		9CBE590627A365500060C150 /* Info.plist */ = {isa = PBXFileReference; lastKnownFileType = text.plist.xml; path = Info.plist; sourceTree = "<group>"; };
		9CBE590D27A369E30060C150 /* SettingView.swift */ = {isa = PBXFileReference; lastKnownFileType = sourcecode.swift; path = SettingView.swift; sourceTree = "<group>"; };
		9CBE590F27A36AC50060C150 /* SettingRouter.swift */ = {isa = PBXFileReference; lastKnownFileType = sourcecode.swift; path = SettingRouter.swift; sourceTree = "<group>"; };
/* End PBXFileReference section */

/* Begin PBXFrameworksBuildPhase section */
		9CBE58F227A3654E0060C150 /* Frameworks */ = {
			isa = PBXFrameworksBuildPhase;
			buildActionMask = 2147483647;
			files = (
			);
			runOnlyForDeploymentPostprocessing = 0;
		};
/* End PBXFrameworksBuildPhase section */

/* Begin PBXGroup section */
		9CBE58EC27A3654E0060C150 = {
			isa = PBXGroup;
			children = (
				9CBE58F727A3654E0060C150 /* SwiftUI13Sample */,
				9CBE58F627A3654E0060C150 /* Products */,
			);
			sourceTree = "<group>";
		};
		9CBE58F627A3654E0060C150 /* Products */ = {
			isa = PBXGroup;
			children = (
				9CBE58F527A3654E0060C150 /* SwiftUI13Sample.app */,
			);
			name = Products;
			sourceTree = "<group>";
		};
		9CBE58F727A3654E0060C150 /* SwiftUI13Sample */ = {
			isa = PBXGroup;
			children = (
				9CBE590C27A369B70060C150 /* Setting */,
				9CBE58F827A3654E0060C150 /* AppDelegate.swift */,
				9CBE58FA27A3654E0060C150 /* SceneDelegate.swift */,
				9CBE58FC27A3654E0060C150 /* ViewController.swift */,
				9CBE58FE27A3654E0060C150 /* Main.storyboard */,
				9CBE590127A365500060C150 /* Assets.xcassets */,
				9CBE590327A365500060C150 /* LaunchScreen.storyboard */,
				9CBE590627A365500060C150 /* Info.plist */,
			);
			path = SwiftUI13Sample;
			sourceTree = "<group>";
		};
		9CBE590C27A369B70060C150 /* Setting */ = {
			isa = PBXGroup;
			children = (
				9CBE590F27A36AC50060C150 /* SettingRouter.swift */,
				9CBE590D27A369E30060C150 /* SettingView.swift */,
				4A256F7627A3D67A008FC797 /* NavigationTitleView.swift */,
				4A256F7827A3E992008FC797 /* ColumnView.swift */,
				9C43093527B1CE7E00147A4D /* SettingViewModel.swift */,
				9CAB7C5D27B2A174005D874C /* SettingInteractor.swift */,
				9CAB7C5F27B2C20A005D874C /* SettingListBuilder.swift */,
			);
			path = Setting;
			sourceTree = "<group>";
		};
/* End PBXGroup section */

/* Begin PBXNativeTarget section */
		9CBE58F427A3654E0060C150 /* SwiftUI13Sample */ = {
			isa = PBXNativeTarget;
			buildConfigurationList = 9CBE590927A365500060C150 /* Build configuration list for PBXNativeTarget "SwiftUI13Sample" */;
			buildPhases = (
				9CBE58F127A3654E0060C150 /* Sources */,
				9CBE58F227A3654E0060C150 /* Frameworks */,
				9CBE58F327A3654E0060C150 /* Resources */,
			);
			buildRules = (
			);
			dependencies = (
			);
			name = SwiftUI13Sample;
			productName = SwiftUI13Sample;
			productReference = 9CBE58F527A3654E0060C150 /* SwiftUI13Sample.app */;
			productType = "com.apple.product-type.application";
		};
/* End PBXNativeTarget section */

/* Begin PBXProject section */
		9CBE58ED27A3654E0060C150 /* Project object */ = {
			isa = PBXProject;
			attributes = {
				BuildIndependentTargetsInParallel = 1;
				LastSwiftUpdateCheck = 1320;
				LastUpgradeCheck = 1320;
				TargetAttributes = {
					9CBE58F427A3654E0060C150 = {
						CreatedOnToolsVersion = 13.2.1;
					};
				};
			};
			buildConfigurationList = 9CBE58F027A3654E0060C150 /* Build configuration list for PBXProject "SwiftUI13Sample" */;
			compatibilityVersion = "Xcode 13.0";
			developmentRegion = en;
			hasScannedForEncodings = 0;
			knownRegions = (
				en,
				Base,
			);
			mainGroup = 9CBE58EC27A3654E0060C150;
			productRefGroup = 9CBE58F627A3654E0060C150 /* Products */;
			projectDirPath = "";
			projectRoot = "";
			targets = (
				9CBE58F427A3654E0060C150 /* SwiftUI13Sample */,
			);
		};
/* End PBXProject section */

/* Begin PBXResourcesBuildPhase section */
		9CBE58F327A3654E0060C150 /* Resources */ = {
			isa = PBXResourcesBuildPhase;
			buildActionMask = 2147483647;
			files = (
				9CBE590527A365500060C150 /* LaunchScreen.storyboard in Resources */,
				9CBE590227A365500060C150 /* Assets.xcassets in Resources */,
				9CBE590027A3654E0060C150 /* Main.storyboard in Resources */,
			);
			runOnlyForDeploymentPostprocessing = 0;
		};
/* End PBXResourcesBuildPhase section */

/* Begin PBXSourcesBuildPhase section */
		9CBE58F127A3654E0060C150 /* Sources */ = {
			isa = PBXSourcesBuildPhase;
			buildActionMask = 2147483647;
			files = (
				9CAB7C5E27B2A174005D874C /* SettingInteractor.swift in Sources */,
				9CBE58FD27A3654E0060C150 /* ViewController.swift in Sources */,
				9CBE591027A36AC50060C150 /* SettingRouter.swift in Sources */,
				9CBE590E27A369E30060C150 /* SettingView.swift in Sources */,
				9C43093627B1CE7E00147A4D /* SettingViewModel.swift in Sources */,
				4A256F7927A3E992008FC797 /* ColumnView.swift in Sources */,
				9CAB7C6027B2C20A005D874C /* SettingListBuilder.swift in Sources */,
				4A256F7727A3D67A008FC797 /* NavigationTitleView.swift in Sources */,
				9CBE58F927A3654E0060C150 /* AppDelegate.swift in Sources */,
				9CBE58FB27A3654E0060C150 /* SceneDelegate.swift in Sources */,
			);
			runOnlyForDeploymentPostprocessing = 0;
		};
/* End PBXSourcesBuildPhase section */

/* Begin PBXVariantGroup section */
		9CBE58FE27A3654E0060C150 /* Main.storyboard */ = {
			isa = PBXVariantGroup;
			children = (
				9CBE58FF27A3654E0060C150 /* Base */,
			);
			name = Main.storyboard;
			sourceTree = "<group>";
		};
		9CBE590327A365500060C150 /* LaunchScreen.storyboard */ = {
			isa = PBXVariantGroup;
			children = (
				9CBE590427A365500060C150 /* Base */,
			);
			name = LaunchScreen.storyboard;
			sourceTree = "<group>";
		};
/* End PBXVariantGroup section */

/* Begin XCBuildConfiguration section */
		9CBE590727A365500060C150 /* Debug */ = {
			isa = XCBuildConfiguration;
			buildSettings = {
				ALWAYS_SEARCH_USER_PATHS = NO;
				CLANG_ANALYZER_NONNULL = YES;
				CLANG_ANALYZER_NUMBER_OBJECT_CONVERSION = YES_AGGRESSIVE;
				CLANG_CXX_LANGUAGE_STANDARD = "gnu++17";
				CLANG_CXX_LIBRARY = "libc++";
				CLANG_ENABLE_MODULES = YES;
				CLANG_ENABLE_OBJC_ARC = YES;
				CLANG_ENABLE_OBJC_WEAK = YES;
				CLANG_WARN_BLOCK_CAPTURE_AUTORELEASING = YES;
				CLANG_WARN_BOOL_CONVERSION = YES;
				CLANG_WARN_COMMA = YES;
				CLANG_WARN_CONSTANT_CONVERSION = YES;
				CLANG_WARN_DEPRECATED_OBJC_IMPLEMENTATIONS = YES;
				CLANG_WARN_DIRECT_OBJC_ISA_USAGE = YES_ERROR;
				CLANG_WARN_DOCUMENTATION_COMMENTS = YES;
				CLANG_WARN_EMPTY_BODY = YES;
				CLANG_WARN_ENUM_CONVERSION = YES;
				CLANG_WARN_INFINITE_RECURSION = YES;
				CLANG_WARN_INT_CONVERSION = YES;
				CLANG_WARN_NON_LITERAL_NULL_CONVERSION = YES;
				CLANG_WARN_OBJC_IMPLICIT_RETAIN_SELF = YES;
				CLANG_WARN_OBJC_LITERAL_CONVERSION = YES;
				CLANG_WARN_OBJC_ROOT_CLASS = YES_ERROR;
				CLANG_WARN_QUOTED_INCLUDE_IN_FRAMEWORK_HEADER = YES;
				CLANG_WARN_RANGE_LOOP_ANALYSIS = YES;
				CLANG_WARN_STRICT_PROTOTYPES = YES;
				CLANG_WARN_SUSPICIOUS_MOVE = YES;
				CLANG_WARN_UNGUARDED_AVAILABILITY = YES_AGGRESSIVE;
				CLANG_WARN_UNREACHABLE_CODE = YES;
				CLANG_WARN__DUPLICATE_METHOD_MATCH = YES;
				COPY_PHASE_STRIP = NO;
				DEBUG_INFORMATION_FORMAT = dwarf;
				ENABLE_STRICT_OBJC_MSGSEND = YES;
				ENABLE_TESTABILITY = YES;
				GCC_C_LANGUAGE_STANDARD = gnu11;
				GCC_DYNAMIC_NO_PIC = NO;
				GCC_NO_COMMON_BLOCKS = YES;
				GCC_OPTIMIZATION_LEVEL = 0;
				GCC_PREPROCESSOR_DEFINITIONS = (
					"DEBUG=1",
					"$(inherited)",
				);
				GCC_WARN_64_TO_32_BIT_CONVERSION = YES;
				GCC_WARN_ABOUT_RETURN_TYPE = YES_ERROR;
				GCC_WARN_UNDECLARED_SELECTOR = YES;
				GCC_WARN_UNINITIALIZED_AUTOS = YES_AGGRESSIVE;
				GCC_WARN_UNUSED_FUNCTION = YES;
				GCC_WARN_UNUSED_VARIABLE = YES;
				IPHONEOS_DEPLOYMENT_TARGET = 13.0;
				MTL_ENABLE_DEBUG_INFO = INCLUDE_SOURCE;
				MTL_FAST_MATH = YES;
				ONLY_ACTIVE_ARCH = YES;
				SDKROOT = iphoneos;
				SWIFT_ACTIVE_COMPILATION_CONDITIONS = DEBUG;
				SWIFT_OPTIMIZATION_LEVEL = "-Onone";
			};
			name = Debug;
		};
		9CBE590827A365500060C150 /* Release */ = {
			isa = XCBuildConfiguration;
			buildSettings = {
				ALWAYS_SEARCH_USER_PATHS = NO;
				CLANG_ANALYZER_NONNULL = YES;
				CLANG_ANALYZER_NUMBER_OBJECT_CONVERSION = YES_AGGRESSIVE;
				CLANG_CXX_LANGUAGE_STANDARD = "gnu++17";
				CLANG_CXX_LIBRARY = "libc++";
				CLANG_ENABLE_MODULES = YES;
				CLANG_ENABLE_OBJC_ARC = YES;
				CLANG_ENABLE_OBJC_WEAK = YES;
				CLANG_WARN_BLOCK_CAPTURE_AUTORELEASING = YES;
				CLANG_WARN_BOOL_CONVERSION = YES;
				CLANG_WARN_COMMA = YES;
				CLANG_WARN_CONSTANT_CONVERSION = YES;
				CLANG_WARN_DEPRECATED_OBJC_IMPLEMENTATIONS = YES;
				CLANG_WARN_DIRECT_OBJC_ISA_USAGE = YES_ERROR;
				CLANG_WARN_DOCUMENTATION_COMMENTS = YES;
				CLANG_WARN_EMPTY_BODY = YES;
				CLANG_WARN_ENUM_CONVERSION = YES;
				CLANG_WARN_INFINITE_RECURSION = YES;
				CLANG_WARN_INT_CONVERSION = YES;
				CLANG_WARN_NON_LITERAL_NULL_CONVERSION = YES;
				CLANG_WARN_OBJC_IMPLICIT_RETAIN_SELF = YES;
				CLANG_WARN_OBJC_LITERAL_CONVERSION = YES;
				CLANG_WARN_OBJC_ROOT_CLASS = YES_ERROR;
				CLANG_WARN_QUOTED_INCLUDE_IN_FRAMEWORK_HEADER = YES;
				CLANG_WARN_RANGE_LOOP_ANALYSIS = YES;
				CLANG_WARN_STRICT_PROTOTYPES = YES;
				CLANG_WARN_SUSPICIOUS_MOVE = YES;
				CLANG_WARN_UNGUARDED_AVAILABILITY = YES_AGGRESSIVE;
				CLANG_WARN_UNREACHABLE_CODE = YES;
				CLANG_WARN__DUPLICATE_METHOD_MATCH = YES;
				COPY_PHASE_STRIP = NO;
				DEBUG_INFORMATION_FORMAT = "dwarf-with-dsym";
				ENABLE_NS_ASSERTIONS = NO;
				ENABLE_STRICT_OBJC_MSGSEND = YES;
				GCC_C_LANGUAGE_STANDARD = gnu11;
				GCC_NO_COMMON_BLOCKS = YES;
				GCC_WARN_64_TO_32_BIT_CONVERSION = YES;
				GCC_WARN_ABOUT_RETURN_TYPE = YES_ERROR;
				GCC_WARN_UNDECLARED_SELECTOR = YES;
				GCC_WARN_UNINITIALIZED_AUTOS = YES_AGGRESSIVE;
				GCC_WARN_UNUSED_FUNCTION = YES;
				GCC_WARN_UNUSED_VARIABLE = YES;
				IPHONEOS_DEPLOYMENT_TARGET = 13.0;
				MTL_ENABLE_DEBUG_INFO = NO;
				MTL_FAST_MATH = YES;
				SDKROOT = iphoneos;
				SWIFT_COMPILATION_MODE = wholemodule;
				SWIFT_OPTIMIZATION_LEVEL = "-O";
				VALIDATE_PRODUCT = YES;
			};
			name = Release;
		};
		9CBE590A27A365500060C150 /* Debug */ = {
			isa = XCBuildConfiguration;
			buildSettings = {
				ASSETCATALOG_COMPILER_APPICON_NAME = AppIcon;
				ASSETCATALOG_COMPILER_GLOBAL_ACCENT_COLOR_NAME = AccentColor;
				CODE_SIGN_IDENTITY = "iPhone Developer";
				CODE_SIGN_STYLE = Manual;
				CURRENT_PROJECT_VERSION = 1;
				DEVELOPMENT_TEAM = TXFV3DH636;
				GENERATE_INFOPLIST_FILE = YES;
				INFOPLIST_FILE = SwiftUI13Sample/Info.plist;
				INFOPLIST_KEY_UIApplicationSupportsIndirectInputEvents = YES;
				INFOPLIST_KEY_UILaunchStoryboardName = LaunchScreen;
				INFOPLIST_KEY_UIMainStoryboardFile = Main;
				INFOPLIST_KEY_UISupportedInterfaceOrientations_iPad = "UIInterfaceOrientationPortrait UIInterfaceOrientationPortraitUpsideDown UIInterfaceOrientationLandscapeLeft UIInterfaceOrientationLandscapeRight";
				INFOPLIST_KEY_UISupportedInterfaceOrientations_iPhone = "UIInterfaceOrientationPortrait UIInterfaceOrientationLandscapeLeft UIInterfaceOrientationLandscapeRight";
				INFOPLIST_KEY_UIUserInterfaceStyle = Light;
				LD_RUNPATH_SEARCH_PATHS = (
					"$(inherited)",
					"@executable_path/Frameworks",
				);
				MARKETING_VERSION = 1.0;
				PRODUCT_BUNDLE_IDENTIFIER = co.kotetu.app.sample.swiftui.ios13.SwiftUI13Sample;
				PRODUCT_NAME = "$(TARGET_NAME)";
				PROVISIONING_PROFILE_SPECIFIER = "General Sample App";
				SWIFT_EMIT_LOC_STRINGS = YES;
				SWIFT_VERSION = 5.0;
				TARGETED_DEVICE_FAMILY = "1,2";
			};
			name = Debug;
		};
		9CBE590B27A365500060C150 /* Release */ = {
			isa = XCBuildConfiguration;
			buildSettings = {
				ASSETCATALOG_COMPILER_APPICON_NAME = AppIcon;
				ASSETCATALOG_COMPILER_GLOBAL_ACCENT_COLOR_NAME = AccentColor;
				CODE_SIGN_IDENTITY = "iPhone Developer";
				CODE_SIGN_STYLE = Manual;
				CURRENT_PROJECT_VERSION = 1;
				DEVELOPMENT_TEAM = TXFV3DH636;
				GENERATE_INFOPLIST_FILE = YES;
				INFOPLIST_FILE = SwiftUI13Sample/Info.plist;
				INFOPLIST_KEY_UIApplicationSupportsIndirectInputEvents = YES;
				INFOPLIST_KEY_UILaunchStoryboardName = LaunchScreen;
				INFOPLIST_KEY_UIMainStoryboardFile = Main;
				INFOPLIST_KEY_UISupportedInterfaceOrientations_iPad = "UIInterfaceOrientationPortrait UIInterfaceOrientationPortraitUpsideDown UIInterfaceOrientationLandscapeLeft UIInterfaceOrientationLandscapeRight";
				INFOPLIST_KEY_UISupportedInterfaceOrientations_iPhone = "UIInterfaceOrientationPortrait UIInterfaceOrientationLandscapeLeft UIInterfaceOrientationLandscapeRight";
				INFOPLIST_KEY_UIUserInterfaceStyle = Light;
				LD_RUNPATH_SEARCH_PATHS = (
					"$(inherited)",
					"@executable_path/Frameworks",
				);
				MARKETING_VERSION = 1.0;
				PRODUCT_BUNDLE_IDENTIFIER = co.kotetu.app.sample.swiftui.ios13.SwiftUI13Sample;
				PRODUCT_NAME = "$(TARGET_NAME)";
				PROVISIONING_PROFILE_SPECIFIER = "General Sample App";
				SWIFT_EMIT_LOC_STRINGS = YES;
				SWIFT_VERSION = 5.0;
				TARGETED_DEVICE_FAMILY = "1,2";
			};
			name = Release;
		};
/* End XCBuildConfiguration section */

/* Begin XCConfigurationList section */
		9CBE58F027A3654E0060C150 /* Build configuration list for PBXProject "SwiftUI13Sample" */ = {
			isa = XCConfigurationList;
			buildConfigurations = (
				9CBE590727A365500060C150 /* Debug */,
				9CBE590827A365500060C150 /* Release */,
			);
			defaultConfigurationIsVisible = 0;
			defaultConfigurationName = Release;
		};
		9CBE590927A365500060C150 /* Build configuration list for PBXNativeTarget "SwiftUI13Sample" */ = {
			isa = XCConfigurationList;
			buildConfigurations = (
				9CBE590A27A365500060C150 /* Debug */,
				9CBE590B27A365500060C150 /* Release */,
			);
			defaultConfigurationIsVisible = 0;
			defaultConfigurationName = Release;
		};
/* End XCConfigurationList section */
	};
	rootObject = 9CBE58ED27A3654E0060C150 /* Project object */;
}
